
Microsoft Visual Studio Solution File, Format Version 12.00
# Visual Studio Version 17
VisualStudioVersion = 17.5.33502.453
MinimumVisualStudioVersion = 10.0.40219.1
Project("{FAE04EC0-301F-11D3-BF4B-00C04F79EFBC}") = "WebApplication8", "WebApplication8\WebApplication8.csproj", "{F3E22080-6A96-4E8C-BD78-F783BF314163}"
EndProject
Global
	GlobalSection(SolutionConfigurationPlatforms) = preSolution
		Debug|Any CPU = Debug|Any CPU
		Release|Any CPU = Release|Any CPU
	EndGlobalSection
	GlobalSection(ProjectConfigurationPlatforms) = postSolution
		{F3E22080-6A96-4E8C-BD78-F783BF314163}.Debug|Any CPU.ActiveCfg = Debug|Any CPU
		{F3E22080-6A96-4E8C-BD78-F783BF314163}.Debug|Any CPU.Build.0 = Debug|Any CPU
		{F3E22080-6A96-4E8C-BD78-F783BF314163}.Release|Any CPU.ActiveCfg = Release|Any CPU
		{F3E22080-6A96-4E8C-BD78-F783BF314163}.Release|Any CPU.Build.0 = Release|Any CPU
	EndGlobalSection
	GlobalSection(SolutionProperties) = preSolution
		HideSolutionNode = FALSE
	EndGlobalSection
	GlobalSection(ExtensibilityGlobals) = postSolution
		SolutionGuid = {85185EAD-6ED4-4CCB-BFDF-28963095831D}
	EndGlobalSection
EndGlobal
